
Microsoft Visual Studio Solution File, Format Version 12.00
# Visual Studio Version 17
VisualStudioVersion = 17.8.34330.188
MinimumVisualStudioVersion = 10.0.40219.1
Project("{9A19103F-16F7-4668-BE54-9A1E7A4F7556}") = "Play.Catalog.Service", "Play.Catalog.Service.csproj", "{71695851-55AB-448A-B971-093EA16EA189}"
EndProject
Global
	GlobalSection(SolutionConfigurationPlatforms) = preSolution
		Debug|Any CPU = Debug|Any CPU
		Release|Any CPU = Release|Any CPU
	EndGlobalSection
	GlobalSection(ProjectConfigurationPlatforms) = postSolution
		{71695851-55AB-448A-B971-093EA16EA189}.Debug|Any CPU.ActiveCfg = Debug|Any CPU
		{71695851-55AB-448A-B971-093EA16EA189}.Debug|Any CPU.Build.0 = Debug|Any CPU
		{71695851-55AB-448A-B971-093EA16EA189}.Release|Any CPU.ActiveCfg = Release|Any CPU
		{71695851-55AB-448A-B971-093EA16EA189}.Release|Any CPU.Build.0 = Release|Any CPU
	EndGlobalSection
	GlobalSection(SolutionProperties) = preSolution
		HideSolutionNode = FALSE
	EndGlobalSection
	GlobalSection(ExtensibilityGlobals) = postSolution
		SolutionGuid = {02606C9B-5F9B-4201-A65F-0E7B1A8103AD}
	EndGlobalSection
EndGlobal
